
Microsoft Visual Studio Solution File, Format Version 12.00
# Visual Studio Version 17
VisualStudioVersion = 17.4.33122.133
MinimumVisualStudioVersion = 10.0.40219.1
Project("{FAE04EC0-301F-11D3-BF4B-00C04F79EFBC}") = "RegisterLoginApi", "RegisterLoginApi.csproj", "{93B61D00-C0BB-456D-BFA3-9561443B89E7}"
EndProject
Global
	GlobalSection(SolutionConfigurationPlatforms) = preSolution
		Debug|Any CPU = Debug|Any CPU
		Release|Any CPU = Release|Any CPU
	EndGlobalSection
	GlobalSection(ProjectConfigurationPlatforms) = postSolution
		{93B61D00-C0BB-456D-BFA3-9561443B89E7}.Debug|Any CPU.ActiveCfg = Debug|Any CPU
		{93B61D00-C0BB-456D-BFA3-9561443B89E7}.Debug|Any CPU.Build.0 = Debug|Any CPU
		{93B61D00-C0BB-456D-BFA3-9561443B89E7}.Release|Any CPU.ActiveCfg = Release|Any CPU
		{93B61D00-C0BB-456D-BFA3-9561443B89E7}.Release|Any CPU.Build.0 = Release|Any CPU
	EndGlobalSection
	GlobalSection(SolutionProperties) = preSolution
		HideSolutionNode = FALSE
	EndGlobalSection
	GlobalSection(ExtensibilityGlobals) = postSolution
		SolutionGuid = {FB15A8EA-C545-40C9-A0E5-54B9B42E1A35}
	EndGlobalSection
EndGlobal
